github.com/NipoDB/nipolib v0.0.0-20210331163817-d8e96a392d02 h1:rZykLc29XUAhdztkSeg1Yy54CDbxhrJkfGiSB2pLGN8=
github.com/NipoDB/nipolib v0.0.0-20210331163817-d8e96a392d02/go.mod h1:BTNY8W5zcE3t6BtG8pCDw97s08nhWqx78xBQAW1vV2Y=
github.com/NipoDB/nipolib v0.0.0-20210418032521-fd2a30cb2f17 h1:+huWBNN4PSUi5KGYrIQ3ARupl/QmvBnu/saTO95KOIE=
github.com/NipoDB/nipolib v0.0.0-20210418032521-fd2a30cb2f17/go.mod h1:BTNY8W5zcE3t6BtG8pCDw97s08nhWqx78xBQAW1vV2Y=
gopkg.in/check.v1 v0.0.0-20161208181325-20d25e280405 h1:yhCVgyC4o1eVCa2tZl7eS0r+SDo693bJlVdllGtEeKM=
gopkg.in/check.v1 v0.0.0-20161208181325-20d25e280405/go.mod h1:Co6ibVJAznAaIkqp8huTwlJQCZ016jof/cbN4VW5Yz0=
gopkg.in/yaml.v2 v2.4.0 h1:D8xgwECY7CYvx+Y2n4sBz93Jn9JRvxdiyyo8CTfuKaY=
gopkg.in/yaml.v2 v2.4.0/go.mod h1:RDklbk79AGWmwhnvt/jBztapEOGDOx6ZbXqjP6csGnQ=
